# This file is automatically @generated by Cargo.
# It is not intended for manual editing.
[[package]]
name = "binread"
version = "1.1.1"
source = "registry+https://github.com/rust-lang/crates.io-index"
dependencies = [
 "binread_derive 1.1.1 (registry+https://github.com/rust-lang/crates.io-index)",
 "lazy_static 1.4.0 (registry+https://github.com/rust-lang/crates.io-index)",
]

[[package]]
name = "binread_derive"
version = "1.1.1"
source = "registry+https://github.com/rust-lang/crates.io-index"
dependencies = [
 "proc-macro2 1.0.23 (registry+https://github.com/rust-lang/crates.io-index)",
 "quote 1.0.7 (registry+https://github.com/rust-lang/crates.io-index)",
 "syn 1.0.42 (registry+https://github.com/rust-lang/crates.io-index)",
]

[[package]]
name = "bitvec"
version = "0.19.2"
source = "registry+https://github.com/rust-lang/crates.io-index"
dependencies = [
 "funty 1.0.1 (registry+https://github.com/rust-lang/crates.io-index)",
 "radium 0.5.1 (registry+https://github.com/rust-lang/crates.io-index)",
 "tap 1.0.0 (registry+https://github.com/rust-lang/crates.io-index)",
 "wyz 0.2.0 (registry+https://github.com/rust-lang/crates.io-index)",
]

[[package]]
name = "funty"
version = "1.0.1"
source = "registry+https://github.com/rust-lang/crates.io-index"

[[package]]
name = "lazy_static"
version = "1.4.0"
source = "registry+https://github.com/rust-lang/crates.io-index"

[[package]]
name = "nintendo_patricia_tree"
version = "0.1.0"
dependencies = [
 "binread 1.1.1 (registry+https://github.com/rust-lang/crates.io-index)",
 "bitvec 0.19.2 (registry+https://github.com/rust-lang/crates.io-index)",
]

[[package]]
name = "proc-macro2"
version = "1.0.23"
source = "registry+https://github.com/rust-lang/crates.io-index"
dependencies = [
 "unicode-xid 0.2.1 (registry+https://github.com/rust-lang/crates.io-index)",
]

[[package]]
name = "quote"
version = "1.0.7"
source = "registry+https://github.com/rust-lang/crates.io-index"
dependencies = [
 "proc-macro2 1.0.23 (registry+https://github.com/rust-lang/crates.io-index)",
]

[[package]]
name = "radium"
version = "0.5.1"
source = "registry+https://github.com/rust-lang/crates.io-index"

[[package]]
name = "syn"
version = "1.0.42"
source = "registry+https://github.com/rust-lang/crates.io-index"
dependencies = [
 "proc-macro2 1.0.23 (registry+https://github.com/rust-lang/crates.io-index)",
 "quote 1.0.7 (registry+https://github.com/rust-lang/crates.io-index)",
 "unicode-xid 0.2.1 (registry+https://github.com/rust-lang/crates.io-index)",
]

[[package]]
name = "tap"
version = "1.0.0"
source = "registry+https://github.com/rust-lang/crates.io-index"

[[package]]
name = "unicode-xid"
version = "0.2.1"
source = "registry+https://github.com/rust-lang/crates.io-index"

[[package]]
name = "wyz"
version = "0.2.0"
source = "registry+https://github.com/rust-lang/crates.io-index"

[metadata]
"checksum binread 1.1.1 (registry+https://github.com/rust-lang/crates.io-index)" = "a2b274b61a3e239ed71c3e2895a667382749ae3027b21448dea145dcdb1e59c7"
"checksum binread_derive 1.1.1 (registry+https://github.com/rust-lang/crates.io-index)" = "57c50bfe7146390f148f73d6b297fd1000ecc60f77f009c01efa7fd80fc68487"
"checksum bitvec 0.19.2 (registry+https://github.com/rust-lang/crates.io-index)" = "8775e5606af6e145d17376be6d95f98245d393a143b41b7feba50d6b3d8367cd"
"checksum funty 1.0.1 (registry+https://github.com/rust-lang/crates.io-index)" = "0ba62103ce691c2fd80fbae2213dfdda9ce60804973ac6b6e97de818ea7f52c8"
"checksum lazy_static 1.4.0 (registry+https://github.com/rust-lang/crates.io-index)" = "e2abad23fbc42b3700f2f279844dc832adb2b2eb069b2df918f455c4e18cc646"
"checksum proc-macro2 1.0.23 (registry+https://github.com/rust-lang/crates.io-index)" = "51ef7cd2518ead700af67bf9d1a658d90b6037d77110fd9c0445429d0ba1c6c9"
"checksum quote 1.0.7 (registry+https://github.com/rust-lang/crates.io-index)" = "aa563d17ecb180e500da1cfd2b028310ac758de548efdd203e18f283af693f37"
"checksum radium 0.5.1 (registry+https://github.com/rust-lang/crates.io-index)" = "5a333b5f6adeff5a89f2e95dc2ea1ecb5319abbb56212afea6a37f87435338a5"
"checksum syn 1.0.42 (registry+https://github.com/rust-lang/crates.io-index)" = "9c51d92969d209b54a98397e1b91c8ae82d8c87a7bb87df0b29aa2ad81454228"
"checksum tap 1.0.0 (registry+https://github.com/rust-lang/crates.io-index)" = "36474e732d1affd3a6ed582781b3683df3d0563714c59c39591e8ff707cf078e"
"checksum unicode-xid 0.2.1 (registry+https://github.com/rust-lang/crates.io-index)" = "f7fe0bb3479651439c9112f72b6c505038574c9fbb575ed1bf3b797fa39dd564"
"checksum wyz 0.2.0 (registry+https://github.com/rust-lang/crates.io-index)" = "85e60b0d1b5f99db2556934e21937020776a5d31520bf169e851ac44e6420214"
